
Microsoft Visual Studio Solution File, Format Version 12.00
# Visual Studio 15
VisualStudioVersion = 15.0.28307.136
MinimumVisualStudioVersion = 10.0.40219.1
Project("{FAE04EC0-301F-11D3-BF4B-00C04F79EFBC}") = "InvMe.Android", "InvMe\InvMe.Android\InvMe.Android.csproj", "{85CF1A20-386E-4AB9-935B-D095813207D9}"
EndProject
Project("{FAE04EC0-301F-11D3-BF4B-00C04F79EFBC}") = "InvMe.iOS", "InvMe\InvMe.iOS\InvMe.iOS.csproj", "{52119159-0DFB-4507-B4CB-6F8FAFF47983}"
EndProject
Project("{9A19103F-16F7-4668-BE54-9A1E7A4F7556}") = "InvMe", "InvMe\InvMe\InvMe.csproj", "{1353A68B-EE27-4F7A-B099-46A062469545}"
EndProject
Project("{00D1A9C2-B5F0-4AF3-8072-F6C62B433612}") = "SQLDatabaseProject", "SQLDatabaseProject\SQLDatabaseProject.sqlproj", "{81275B38-8254-43ED-86B3-3A0E8BDCE9D7}"
EndProject
Project("{9A19103F-16F7-4668-BE54-9A1E7A4F7556}") = "BLL", "BLL\BLL.csproj", "{913E790D-F221-4E0D-AC49-47690182B114}"
EndProject
Project("{FAE04EC0-301F-11D3-BF4B-00C04F79EFBC}") = "DAL", "DAL\DAL.csproj", "{4987798E-F65D-491F-A3BF-A92F06E70AE1}"
EndProject
Project("{FAE04EC0-301F-11D3-BF4B-00C04F79EFBC}") = "BLL.Xamarin", "BLL.Xamarin\BLL.Xamarin.csproj", "{C0D22A30-5217-4924-9722-E7CE98998439}"
EndProject
Project("{FAE04EC0-301F-11D3-BF4B-00C04F79EFBC}") = "Model", "Model\Model.csproj", "{14FF6DE9-3840-4310-A322-361570C6D98A}"
EndProject
Global
	GlobalSection(SolutionConfigurationPlatforms) = preSolution
		Ad-Hoc|Any CPU = Ad-Hoc|Any CPU
		Ad-Hoc|iPhone = Ad-Hoc|iPhone
		Ad-Hoc|iPhoneSimulator = Ad-Hoc|iPhoneSimulator
		AppStore|Any CPU = AppStore|Any CPU
		AppStore|iPhone = AppStore|iPhone
		AppStore|iPhoneSimulator = AppStore|iPhoneSimulator
		Debug|Any CPU = Debug|Any CPU
		Debug|iPhone = Debug|iPhone
		Debug|iPhoneSimulator = Debug|iPhoneSimulator
		Release|Any CPU = Release|Any CPU
		Release|iPhone = Release|iPhone
		Release|iPhoneSimulator = Release|iPhoneSimulator
	EndGlobalSection
	GlobalSection(ProjectConfigurationPlatforms) = postSolution
		{85CF1A20-386E-4AB9-935B-D095813207D9}.Ad-Hoc|Any CPU.ActiveCfg = Release|Any CPU
		{85CF1A20-386E-4AB9-935B-D095813207D9}.Ad-Hoc|Any CPU.Build.0 = Release|Any CPU
		{85CF1A20-386E-4AB9-935B-D095813207D9}.Ad-Hoc|Any CPU.Deploy.0 = Release|Any CPU
		{85CF1A20-386E-4AB9-935B-D095813207D9}.Ad-Hoc|iPhone.ActiveCfg = Release|Any CPU
		{85CF1A20-386E-4AB9-935B-D095813207D9}.Ad-Hoc|iPhone.Build.0 = Release|Any CPU
		{85CF1A20-386E-4AB9-935B-D095813207D9}.Ad-Hoc|iPhone.Deploy.0 = Release|Any CPU
		{85CF1A20-386E-4AB9-935B-D095813207D9}.Ad-Hoc|iPhoneSimulator.ActiveCfg = Release|Any CPU
		{85CF1A20-386E-4AB9-935B-D095813207D9}.Ad-Hoc|iPhoneSimulator.Build.0 = Release|Any CPU
		{85CF1A20-386E-4AB9-935B-D095813207D9}.Ad-Hoc|iPhoneSimulator.Deploy.0 = Release|Any CPU
		{85CF1A20-386E-4AB9-935B-D095813207D9}.AppStore|Any CPU.ActiveCfg = Release|Any CPU
		{85CF1A20-386E-4AB9-935B-D095813207D9}.AppStore|Any CPU.Build.0 = Release|Any CPU
		{85CF1A20-386E-4AB9-935B-D095813207D9}.AppStore|Any CPU.Deploy.0 = Release|Any CPU
		{85CF1A20-386E-4AB9-935B-D095813207D9}.AppStore|iPhone.ActiveCfg = Release|Any CPU
		{85CF1A20-386E-4AB9-935B-D095813207D9}.AppStore|iPhone.Build.0 = Release|Any CPU
		{85CF1A20-386E-4AB9-935B-D095813207D9}.AppStore|iPhone.Deploy.0 = Release|Any CPU
		{85CF1A20-386E-4AB9-935B-D095813207D9}.AppStore|iPhoneSimulator.ActiveCfg = Release|Any CPU
		{85CF1A20-386E-4AB9-935B-D095813207D9}.AppStore|iPhoneSimulator.Build.0 = Release|Any CPU
		{85CF1A20-386E-4AB9-935B-D095813207D9}.AppStore|iPhoneSimulator.Deploy.0 = Release|Any CPU
		{85CF1A20-386E-4AB9-935B-D095813207D9}.Debug|Any CPU.ActiveCfg = Debug|Any CPU
		{85CF1A20-386E-4AB9-935B-D095813207D9}.Debug|Any CPU.Build.0 = Debug|Any CPU
		{85CF1A20-386E-4AB9-935B-D095813207D9}.Debug|Any CPU.Deploy.0 = Debug|Any CPU
		{85CF1A20-386E-4AB9-935B-D095813207D9}.Debug|iPhone.ActiveCfg = Debug|Any CPU
		{85CF1A20-386E-4AB9-935B-D095813207D9}.Debug|iPhone.Build.0 = Debug|Any CPU
		{85CF1A20-386E-4AB9-935B-D095813207D9}.Debug|iPhone.Deploy.0 = Debug|Any CPU
		{85CF1A20-386E-4AB9-935B-D095813207D9}.Debug|iPhoneSimulator.ActiveCfg = Debug|Any CPU
		{85CF1A20-386E-4AB9-935B-D095813207D9}.Debug|iPhoneSimulator.Build.0 = Debug|Any CPU
		{85CF1A20-386E-4AB9-935B-D095813207D9}.Debug|iPhoneSimulator.Deploy.0 = Debug|Any CPU
		{85CF1A20-386E-4AB9-935B-D095813207D9}.Release|Any CPU.ActiveCfg = Release|Any CPU
		{85CF1A20-386E-4AB9-935B-D095813207D9}.Release|Any CPU.Build.0 = Release|Any CPU
		{85CF1A20-386E-4AB9-935B-D095813207D9}.Release|Any CPU.Deploy.0 = Release|Any CPU
		{85CF1A20-386E-4AB9-935B-D095813207D9}.Release|iPhone.ActiveCfg = Release|Any CPU
		{85CF1A20-386E-4AB9-935B-D095813207D9}.Release|iPhone.Build.0 = Release|Any CPU
		{85CF1A20-386E-4AB9-935B-D095813207D9}.Release|iPhone.Deploy.0 = Release|Any CPU
		{85CF1A20-386E-4AB9-935B-D095813207D9}.Release|iPhoneSimulator.ActiveCfg = Release|Any CPU
		{85CF1A20-386E-4AB9-935B-D095813207D9}.Release|iPhoneSimulator.Build.0 = Release|Any CPU
		{85CF1A20-386E-4AB9-935B-D095813207D9}.Release|iPhoneSimulator.Deploy.0 = Release|Any CPU
		{52119159-0DFB-4507-B4CB-6F8FAFF47983}.Ad-Hoc|Any CPU.ActiveCfg = Ad-Hoc|iPhone
		{52119159-0DFB-4507-B4CB-6F8FAFF47983}.Ad-Hoc|Any CPU.Build.0 = Ad-Hoc|iPhone
		{52119159-0DFB-4507-B4CB-6F8FAFF47983}.Ad-Hoc|Any CPU.Deploy.0 = Ad-Hoc|iPhone
		{52119159-0DFB-4507-B4CB-6F8FAFF47983}.Ad-Hoc|iPhone.ActiveCfg = Ad-Hoc|iPhone
		{52119159-0DFB-4507-B4CB-6F8FAFF47983}.Ad-Hoc|iPhone.Build.0 = Ad-Hoc|iPhone
		{52119159-0DFB-4507-B4CB-6F8FAFF47983}.Ad-Hoc|iPhone.Deploy.0 = Ad-Hoc|iPhone
		{52119159-0DFB-4507-B4CB-6F8FAFF47983}.Ad-Hoc|iPhoneSimulator.ActiveCfg = Ad-Hoc|iPhoneSimulator
		{52119159-0DFB-4507-B4CB-6F8FAFF47983}.Ad-Hoc|iPhoneSimulator.Build.0 = Ad-Hoc|iPhoneSimulator
		{52119159-0DFB-4507-B4CB-6F8FAFF47983}.Ad-Hoc|iPhoneSimulator.Deploy.0 = Ad-Hoc|iPhoneSimulator
		{52119159-0DFB-4507-B4CB-6F8FAFF47983}.AppStore|Any CPU.ActiveCfg = AppStore|iPhone
		{52119159-0DFB-4507-B4CB-6F8FAFF47983}.AppStore|Any CPU.Build.0 = AppStore|iPhone
		{52119159-0DFB-4507-B4CB-6F8FAFF47983}.AppStore|Any CPU.Deploy.0 = AppStore|iPhone
		{52119159-0DFB-4507-B4CB-6F8FAFF47983}.AppStore|iPhone.ActiveCfg = AppStore|iPhone
		{52119159-0DFB-4507-B4CB-6F8FAFF47983}.AppStore|iPhone.Build.0 = AppStore|iPhone
		{52119159-0DFB-4507-B4CB-6F8FAFF47983}.AppStore|iPhone.Deploy.0 = AppStore|iPhone
		{52119159-0DFB-4507-B4CB-6F8FAFF47983}.AppStore|iPhoneSimulator.ActiveCfg = AppStore|iPhoneSimulator
		{52119159-0DFB-4507-B4CB-6F8FAFF47983}.AppStore|iPhoneSimulator.Build.0 = AppStore|iPhoneSimulator
		{52119159-0DFB-4507-B4CB-6F8FAFF47983}.AppStore|iPhoneSimulator.Deploy.0 = AppStore|iPhoneSimulator
		{52119159-0DFB-4507-B4CB-6F8FAFF47983}.Debug|Any CPU.ActiveCfg = Debug|iPhoneSimulator
		{52119159-0DFB-4507-B4CB-6F8FAFF47983}.Debug|Any CPU.Build.0 = Debug|iPhoneSimulator
		{52119159-0DFB-4507-B4CB-6F8FAFF47983}.Debug|Any CPU.Deploy.0 = Debug|iPhoneSimulator
		{52119159-0DFB-4507-B4CB-6F8FAFF47983}.Debug|iPhone.ActiveCfg = Debug|iPhone
		{52119159-0DFB-4507-B4CB-6F8FAFF47983}.Debug|iPhone.Build.0 = Debug|iPhone
		{52119159-0DFB-4507-B4CB-6F8FAFF47983}.Debug|iPhone.Deploy.0 = Debug|iPhone
		{52119159-0DFB-4507-B4CB-6F8FAFF47983}.Debug|iPhoneSimulator.ActiveCfg = Debug|iPhoneSimulator
		{52119159-0DFB-4507-B4CB-6F8FAFF47983}.Debug|iPhoneSimulator.Build.0 = Debug|iPhoneSimulator
		{52119159-0DFB-4507-B4CB-6F8FAFF47983}.Debug|iPhoneSimulator.Deploy.0 = Debug|iPhoneSimulator
		{52119159-0DFB-4507-B4CB-6F8FAFF47983}.Release|Any CPU.ActiveCfg = Release|iPhone
		{52119159-0DFB-4507-B4CB-6F8FAFF47983}.Release|Any CPU.Build.0 = Release|iPhone
		{52119159-0DFB-4507-B4CB-6F8FAFF47983}.Release|Any CPU.Deploy.0 = Release|iPhone
		{52119159-0DFB-4507-B4CB-6F8FAFF47983}.Release|iPhone.ActiveCfg = Release|iPhone
		{52119159-0DFB-4507-B4CB-6F8FAFF47983}.Release|iPhone.Build.0 = Release|iPhone
		{52119159-0DFB-4507-B4CB-6F8FAFF47983}.Release|iPhone.Deploy.0 = Release|iPhone
		{52119159-0DFB-4507-B4CB-6F8FAFF47983}.Release|iPhoneSimulator.ActiveCfg = Release|iPhoneSimulator
		{52119159-0DFB-4507-B4CB-6F8FAFF47983}.Release|iPhoneSimulator.Build.0 = Release|iPhoneSimulator
		{52119159-0DFB-4507-B4CB-6F8FAFF47983}.Release|iPhoneSimulator.Deploy.0 = Release|iPhoneSimulator
		{1353A68B-EE27-4F7A-B099-46A062469545}.Ad-Hoc|Any CPU.ActiveCfg = Debug|Any CPU
		{1353A68B-EE27-4F7A-B099-46A062469545}.Ad-Hoc|Any CPU.Build.0 = Debug|Any CPU
		{1353A68B-EE27-4F7A-B099-46A062469545}.Ad-Hoc|Any CPU.Deploy.0 = Debug|Any CPU
		{1353A68B-EE27-4F7A-B099-46A062469545}.Ad-Hoc|iPhone.ActiveCfg = Debug|Any CPU
		{1353A68B-EE27-4F7A-B099-46A062469545}.Ad-Hoc|iPhone.Build.0 = Debug|Any CPU
		{1353A68B-EE27-4F7A-B099-46A062469545}.Ad-Hoc|iPhone.Deploy.0 = Debug|Any CPU
		{1353A68B-EE27-4F7A-B099-46A062469545}.Ad-Hoc|iPhoneSimulator.ActiveCfg = Debug|Any CPU
		{1353A68B-EE27-4F7A-B099-46A062469545}.Ad-Hoc|iPhoneSimulator.Build.0 = Debug|Any CPU
		{1353A68B-EE27-4F7A-B099-46A062469545}.Ad-Hoc|iPhoneSimulator.Deploy.0 = Debug|Any CPU
		{1353A68B-EE27-4F7A-B099-46A062469545}.AppStore|Any CPU.ActiveCfg = Debug|Any CPU
		{1353A68B-EE27-4F7A-B099-46A062469545}.AppStore|Any CPU.Build.0 = Debug|Any CPU
		{1353A68B-EE27-4F7A-B099-46A062469545}.AppStore|Any CPU.Deploy.0 = Debug|Any CPU
		{1353A68B-EE27-4F7A-B099-46A062469545}.AppStore|iPhone.ActiveCfg = Debug|Any CPU
		{1353A68B-EE27-4F7A-B099-46A062469545}.AppStore|iPhone.Build.0 = Debug|Any CPU
		{1353A68B-EE27-4F7A-B099-46A062469545}.AppStore|iPhone.Deploy.0 = Debug|Any CPU
		{1353A68B-EE27-4F7A-B099-46A062469545}.AppStore|iPhoneSimulator.ActiveCfg = Debug|Any CPU
		{1353A68B-EE27-4F7A-B099-46A062469545}.AppStore|iPhoneSimulator.Build.0 = Debug|Any CPU
		{1353A68B-EE27-4F7A-B099-46A062469545}.AppStore|iPhoneSimulator.Deploy.0 = Debug|Any CPU
		{1353A68B-EE27-4F7A-B099-46A062469545}.Debug|Any CPU.ActiveCfg = Debug|Any CPU
		{1353A68B-EE27-4F7A-B099-46A062469545}.Debug|Any CPU.Build.0 = Debug|Any CPU
		{1353A68B-EE27-4F7A-B099-46A062469545}.Debug|Any CPU.Deploy.0 = Debug|Any CPU
		{1353A68B-EE27-4F7A-B099-46A062469545}.Debug|iPhone.ActiveCfg = Debug|Any CPU
		{1353A68B-EE27-4F7A-B099-46A062469545}.Debug|iPhone.Build.0 = Debug|Any CPU
		{1353A68B-EE27-4F7A-B099-46A062469545}.Debug|iPhone.Deploy.0 = Debug|Any CPU
		{1353A68B-EE27-4F7A-B099-46A062469545}.Debug|iPhoneSimulator.ActiveCfg = Debug|Any CPU
		{1353A68B-EE27-4F7A-B099-46A062469545}.Debug|iPhoneSimulator.Build.0 = Debug|Any CPU
		{1353A68B-EE27-4F7A-B099-46A062469545}.Debug|iPhoneSimulator.Deploy.0 = Debug|Any CPU
		{1353A68B-EE27-4F7A-B099-46A062469545}.Release|Any CPU.ActiveCfg = Release|Any CPU
		{1353A68B-EE27-4F7A-B099-46A062469545}.Release|Any CPU.Build.0 = Release|Any CPU
		{1353A68B-EE27-4F7A-B099-46A062469545}.Release|Any CPU.Deploy.0 = Release|Any CPU
		{1353A68B-EE27-4F7A-B099-46A062469545}.Release|iPhone.ActiveCfg = Release|Any CPU
		{1353A68B-EE27-4F7A-B099-46A062469545}.Release|iPhone.Build.0 = Release|Any CPU
		{1353A68B-EE27-4F7A-B099-46A062469545}.Release|iPhone.Deploy.0 = Release|Any CPU
		{1353A68B-EE27-4F7A-B099-46A062469545}.Release|iPhoneSimulator.ActiveCfg = Release|Any CPU
		{1353A68B-EE27-4F7A-B099-46A062469545}.Release|iPhoneSimulator.Build.0 = Release|Any CPU
		{1353A68B-EE27-4F7A-B099-46A062469545}.Release|iPhoneSimulator.Deploy.0 = Release|Any CPU
		{81275B38-8254-43ED-86B3-3A0E8BDCE9D7}.Ad-Hoc|Any CPU.ActiveCfg = Debug|Any CPU
		{81275B38-8254-43ED-86B3-3A0E8BDCE9D7}.Ad-Hoc|Any CPU.Build.0 = Debug|Any CPU
		{81275B38-8254-43ED-86B3-3A0E8BDCE9D7}.Ad-Hoc|Any CPU.Deploy.0 = Debug|Any CPU
		{81275B38-8254-43ED-86B3-3A0E8BDCE9D7}.Ad-Hoc|iPhone.ActiveCfg = Debug|Any CPU
		{81275B38-8254-43ED-86B3-3A0E8BDCE9D7}.Ad-Hoc|iPhone.Build.0 = Debug|Any CPU
		{81275B38-8254-43ED-86B3-3A0E8BDCE9D7}.Ad-Hoc|iPhone.Deploy.0 = Debug|Any CPU
		{81275B38-8254-43ED-86B3-3A0E8BDCE9D7}.Ad-Hoc|iPhoneSimulator.ActiveCfg = Debug|Any CPU
		{81275B38-8254-43ED-86B3-3A0E8BDCE9D7}.Ad-Hoc|iPhoneSimulator.Build.0 = Debug|Any CPU
		{81275B38-8254-43ED-86B3-3A0E8BDCE9D7}.Ad-Hoc|iPhoneSimulator.Deploy.0 = Debug|Any CPU
		{81275B38-8254-43ED-86B3-3A0E8BDCE9D7}.AppStore|Any CPU.ActiveCfg = Debug|Any CPU
		{81275B38-8254-43ED-86B3-3A0E8BDCE9D7}.AppStore|Any CPU.Build.0 = Debug|Any CPU
		{81275B38-8254-43ED-86B3-3A0E8BDCE9D7}.AppStore|Any CPU.Deploy.0 = Debug|Any CPU
		{81275B38-8254-43ED-86B3-3A0E8BDCE9D7}.AppStore|iPhone.ActiveCfg = Debug|Any CPU
		{81275B38-8254-43ED-86B3-3A0E8BDCE9D7}.AppStore|iPhone.Build.0 = Debug|Any CPU
		{81275B38-8254-43ED-86B3-3A0E8BDCE9D7}.AppStore|iPhone.Deploy.0 = Debug|Any CPU
		{81275B38-8254-43ED-86B3-3A0E8BDCE9D7}.AppStore|iPhoneSimulator.ActiveCfg = Debug|Any CPU
		{81275B38-8254-43ED-86B3-3A0E8BDCE9D7}.AppStore|iPhoneSimulator.Build.0 = Debug|Any CPU
		{81275B38-8254-43ED-86B3-3A0E8BDCE9D7}.AppStore|iPhoneSimulator.Deploy.0 = Debug|Any CPU
		{81275B38-8254-43ED-86B3-3A0E8BDCE9D7}.Debug|Any CPU.ActiveCfg = Debug|Any CPU
		{81275B38-8254-43ED-86B3-3A0E8BDCE9D7}.Debug|Any CPU.Build.0 = Debug|Any CPU
		{81275B38-8254-43ED-86B3-3A0E8BDCE9D7}.Debug|Any CPU.Deploy.0 = Debug|Any CPU
		{81275B38-8254-43ED-86B3-3A0E8BDCE9D7}.Debug|iPhone.ActiveCfg = Debug|Any CPU
		{81275B38-8254-43ED-86B3-3A0E8BDCE9D7}.Debug|iPhone.Build.0 = Debug|Any CPU
		{81275B38-8254-43ED-86B3-3A0E8BDCE9D7}.Debug|iPhone.Deploy.0 = Debug|Any CPU
		{81275B38-8254-43ED-86B3-3A0E8BDCE9D7}.Debug|iPhoneSimulator.ActiveCfg = Debug|Any CPU
		{81275B38-8254-43ED-86B3-3A0E8BDCE9D7}.Debug|iPhoneSimulator.Build.0 = Debug|Any CPU
		{81275B38-8254-43ED-86B3-3A0E8BDCE9D7}.Debug|iPhoneSimulator.Deploy.0 = Debug|Any CPU
		{81275B38-8254-43ED-86B3-3A0E8BDCE9D7}.Release|Any CPU.ActiveCfg = Release|Any CPU
		{81275B38-8254-43ED-86B3-3A0E8BDCE9D7}.Release|Any CPU.Build.0 = Release|Any CPU
		{81275B38-8254-43ED-86B3-3A0E8BDCE9D7}.Release|Any CPU.Deploy.0 = Release|Any CPU
		{81275B38-8254-43ED-86B3-3A0E8BDCE9D7}.Release|iPhone.ActiveCfg = Release|Any CPU
		{81275B38-8254-43ED-86B3-3A0E8BDCE9D7}.Release|iPhone.Build.0 = Release|Any CPU
		{81275B38-8254-43ED-86B3-3A0E8BDCE9D7}.Release|iPhone.Deploy.0 = Release|Any CPU
		{81275B38-8254-43ED-86B3-3A0E8BDCE9D7}.Release|iPhoneSimulator.ActiveCfg = Release|Any CPU
		{81275B38-8254-43ED-86B3-3A0E8BDCE9D7}.Release|iPhoneSimulator.Build.0 = Release|Any CPU
		{81275B38-8254-43ED-86B3-3A0E8BDCE9D7}.Release|iPhoneSimulator.Deploy.0 = Release|Any CPU
		{913E790D-F221-4E0D-AC49-47690182B114}.Ad-Hoc|Any CPU.ActiveCfg = Debug|Any CPU
		{913E790D-F221-4E0D-AC49-47690182B114}.Ad-Hoc|Any CPU.Build.0 = Debug|Any CPU
		{913E790D-F221-4E0D-AC49-47690182B114}.Ad-Hoc|iPhone.ActiveCfg = Debug|Any CPU
		{913E790D-F221-4E0D-AC49-47690182B114}.Ad-Hoc|iPhone.Build.0 = Debug|Any CPU
		{913E790D-F221-4E0D-AC49-47690182B114}.Ad-Hoc|iPhoneSimulator.ActiveCfg = Debug|Any CPU
		{913E790D-F221-4E0D-AC49-47690182B114}.Ad-Hoc|iPhoneSimulator.Build.0 = Debug|Any CPU
		{913E790D-F221-4E0D-AC49-47690182B114}.AppStore|Any CPU.ActiveCfg = Debug|Any CPU
		{913E790D-F221-4E0D-AC49-47690182B114}.AppStore|Any CPU.Build.0 = Debug|Any CPU
		{913E790D-F221-4E0D-AC49-47690182B114}.AppStore|iPhone.ActiveCfg = Debug|Any CPU
		{913E790D-F221-4E0D-AC49-47690182B114}.AppStore|iPhone.Build.0 = Debug|Any CPU
		{913E790D-F221-4E0D-AC49-47690182B114}.AppStore|iPhoneSimulator.ActiveCfg = Debug|Any CPU
		{913E790D-F221-4E0D-AC49-47690182B114}.AppStore|iPhoneSimulator.Build.0 = Debug|Any CPU
		{913E790D-F221-4E0D-AC49-47690182B114}.Debug|Any CPU.ActiveCfg = Debug|Any CPU
		{913E790D-F221-4E0D-AC49-47690182B114}.Debug|Any CPU.Build.0 = Debug|Any CPU
		{913E790D-F221-4E0D-AC49-47690182B114}.Debug|iPhone.ActiveCfg = Debug|Any CPU
		{913E790D-F221-4E0D-AC49-47690182B114}.Debug|iPhone.Build.0 = Debug|Any CPU
		{913E790D-F221-4E0D-AC49-47690182B114}.Debug|iPhoneSimulator.ActiveCfg = Debug|Any CPU
		{913E790D-F221-4E0D-AC49-47690182B114}.Debug|iPhoneSimulator.Build.0 = Debug|Any CPU
		{913E790D-F221-4E0D-AC49-47690182B114}.Release|Any CPU.ActiveCfg = Release|Any CPU
		{913E790D-F221-4E0D-AC49-47690182B114}.Release|Any CPU.Build.0 = Release|Any CPU
		{913E790D-F221-4E0D-AC49-47690182B114}.Release|iPhone.ActiveCfg = Release|Any CPU
		{913E790D-F221-4E0D-AC49-47690182B114}.Release|iPhone.Build.0 = Release|Any CPU
		{913E790D-F221-4E0D-AC49-47690182B114}.Release|iPhoneSimulator.ActiveCfg = Release|Any CPU
		{913E790D-F221-4E0D-AC49-47690182B114}.Release|iPhoneSimulator.Build.0 = Release|Any CPU
		{4987798E-F65D-491F-A3BF-A92F06E70AE1}.Ad-Hoc|Any CPU.ActiveCfg = Debug|Any CPU
		{4987798E-F65D-491F-A3BF-A92F06E70AE1}.Ad-Hoc|Any CPU.Build.0 = Debug|Any CPU
		{4987798E-F65D-491F-A3BF-A92F06E70AE1}.Ad-Hoc|iPhone.ActiveCfg = Debug|Any CPU
		{4987798E-F65D-491F-A3BF-A92F06E70AE1}.Ad-Hoc|iPhone.Build.0 = Debug|Any CPU
		{4987798E-F65D-491F-A3BF-A92F06E70AE1}.Ad-Hoc|iPhoneSimulator.ActiveCfg = Debug|Any CPU
		{4987798E-F65D-491F-A3BF-A92F06E70AE1}.Ad-Hoc|iPhoneSimulator.Build.0 = Debug|Any CPU
		{4987798E-F65D-491F-A3BF-A92F06E70AE1}.AppStore|Any CPU.ActiveCfg = Debug|Any CPU
		{4987798E-F65D-491F-A3BF-A92F06E70AE1}.AppStore|Any CPU.Build.0 = Debug|Any CPU
		{4987798E-F65D-491F-A3BF-A92F06E70AE1}.AppStore|iPhone.ActiveCfg = Debug|Any CPU
		{4987798E-F65D-491F-A3BF-A92F06E70AE1}.AppStore|iPhone.Build.0 = Debug|Any CPU
		{4987798E-F65D-491F-A3BF-A92F06E70AE1}.AppStore|iPhoneSimulator.ActiveCfg = Debug|Any CPU
		{4987798E-F65D-491F-A3BF-A92F06E70AE1}.AppStore|iPhoneSimulator.Build.0 = Debug|Any CPU
		{4987798E-F65D-491F-A3BF-A92F06E70AE1}.Debug|Any CPU.ActiveCfg = Debug|Any CPU
		{4987798E-F65D-491F-A3BF-A92F06E70AE1}.Debug|Any CPU.Build.0 = Debug|Any CPU
		{4987798E-F65D-491F-A3BF-A92F06E70AE1}.Debug|iPhone.ActiveCfg = Debug|Any CPU
		{4987798E-F65D-491F-A3BF-A92F06E70AE1}.Debug|iPhone.Build.0 = Debug|Any CPU
		{4987798E-F65D-491F-A3BF-A92F06E70AE1}.Debug|iPhoneSimulator.ActiveCfg = Debug|Any CPU
		{4987798E-F65D-491F-A3BF-A92F06E70AE1}.Debug|iPhoneSimulator.Build.0 = Debug|Any CPU
		{4987798E-F65D-491F-A3BF-A92F06E70AE1}.Release|Any CPU.ActiveCfg = Release|Any CPU
		{4987798E-F65D-491F-A3BF-A92F06E70AE1}.Release|Any CPU.Build.0 = Release|Any CPU
		{4987798E-F65D-491F-A3BF-A92F06E70AE1}.Release|iPhone.ActiveCfg = Release|Any CPU
		{4987798E-F65D-491F-A3BF-A92F06E70AE1}.Release|iPhone.Build.0 = Release|Any CPU
		{4987798E-F65D-491F-A3BF-A92F06E70AE1}.Release|iPhoneSimulator.ActiveCfg = Release|Any CPU
		{4987798E-F65D-491F-A3BF-A92F06E70AE1}.Release|iPhoneSimulator.Build.0 = Release|Any CPU
		{C0D22A30-5217-4924-9722-E7CE98998439}.Ad-Hoc|Any CPU.ActiveCfg = Debug|Any CPU
		{C0D22A30-5217-4924-9722-E7CE98998439}.Ad-Hoc|Any CPU.Build.0 = Debug|Any CPU
		{C0D22A30-5217-4924-9722-E7CE98998439}.Ad-Hoc|iPhone.ActiveCfg = Debug|Any CPU
		{C0D22A30-5217-4924-9722-E7CE98998439}.Ad-Hoc|iPhone.Build.0 = Debug|Any CPU
		{C0D22A30-5217-4924-9722-E7CE98998439}.Ad-Hoc|iPhoneSimulator.ActiveCfg = Debug|Any CPU
		{C0D22A30-5217-4924-9722-E7CE98998439}.Ad-Hoc|iPhoneSimulator.Build.0 = Debug|Any CPU
		{C0D22A30-5217-4924-9722-E7CE98998439}.AppStore|Any CPU.ActiveCfg = Debug|Any CPU
		{C0D22A30-5217-4924-9722-E7CE98998439}.AppStore|Any CPU.Build.0 = Debug|Any CPU
		{C0D22A30-5217-4924-9722-E7CE98998439}.AppStore|iPhone.ActiveCfg = Debug|Any CPU
		{C0D22A30-5217-4924-9722-E7CE98998439}.AppStore|iPhone.Build.0 = Debug|Any CPU
		{C0D22A30-5217-4924-9722-E7CE98998439}.AppStore|iPhoneSimulator.ActiveCfg = Debug|Any CPU
		{C0D22A30-5217-4924-9722-E7CE98998439}.AppStore|iPhoneSimulator.Build.0 = Debug|Any CPU
		{C0D22A30-5217-4924-9722-E7CE98998439}.Debug|Any CPU.ActiveCfg = Debug|Any CPU
		{C0D22A30-5217-4924-9722-E7CE98998439}.Debug|Any CPU.Build.0 = Debug|Any CPU
		{C0D22A30-5217-4924-9722-E7CE98998439}.Debug|iPhone.ActiveCfg = Debug|Any CPU
		{C0D22A30-5217-4924-9722-E7CE98998439}.Debug|iPhone.Build.0 = Debug|Any CPU
		{C0D22A30-5217-4924-9722-E7CE98998439}.Debug|iPhoneSimulator.ActiveCfg = Debug|Any CPU
		{C0D22A30-5217-4924-9722-E7CE98998439}.Debug|iPhoneSimulator.Build.0 = Debug|Any CPU
		{C0D22A30-5217-4924-9722-E7CE98998439}.Release|Any CPU.ActiveCfg = Release|Any CPU
		{C0D22A30-5217-4924-9722-E7CE98998439}.Release|Any CPU.Build.0 = Release|Any CPU
		{C0D22A30-5217-4924-9722-E7CE98998439}.Release|iPhone.ActiveCfg = Release|Any CPU
		{C0D22A30-5217-4924-9722-E7CE98998439}.Release|iPhone.Build.0 = Release|Any CPU
		{C0D22A30-5217-4924-9722-E7CE98998439}.Release|iPhoneSimulator.ActiveCfg = Release|Any CPU
		{C0D22A30-5217-4924-9722-E7CE98998439}.Release|iPhoneSimulator.Build.0 = Release|Any CPU
		{14FF6DE9-3840-4310-A322-361570C6D98A}.Ad-Hoc|Any CPU.ActiveCfg = Debug|Any CPU
		{14FF6DE9-3840-4310-A322-361570C6D98A}.Ad-Hoc|Any CPU.Build.0 = Debug|Any CPU
		{14FF6DE9-3840-4310-A322-361570C6D98A}.Ad-Hoc|iPhone.ActiveCfg = Debug|Any CPU
		{14FF6DE9-3840-4310-A322-361570C6D98A}.Ad-Hoc|iPhone.Build.0 = Debug|Any CPU
		{14FF6DE9-3840-4310-A322-361570C6D98A}.Ad-Hoc|iPhoneSimulator.ActiveCfg = Debug|Any CPU
		{14FF6DE9-3840-4310-A322-361570C6D98A}.Ad-Hoc|iPhoneSimulator.Build.0 = Debug|Any CPU
		{14FF6DE9-3840-4310-A322-361570C6D98A}.AppStore|Any CPU.ActiveCfg = Debug|Any CPU
		{14FF6DE9-3840-4310-A322-361570C6D98A}.AppStore|Any CPU.Build.0 = Debug|Any CPU
		{14FF6DE9-3840-4310-A322-361570C6D98A}.AppStore|iPhone.ActiveCfg = Debug|Any CPU
		{14FF6DE9-3840-4310-A322-361570C6D98A}.AppStore|iPhone.Build.0 = Debug|Any CPU
		{14FF6DE9-3840-4310-A322-361570C6D98A}.AppStore|iPhoneSimulator.ActiveCfg = Debug|Any CPU
		{14FF6DE9-3840-4310-A322-361570C6D98A}.AppStore|iPhoneSimulator.Build.0 = Debug|Any CPU
		{14FF6DE9-3840-4310-A322-361570C6D98A}.Debug|Any CPU.ActiveCfg = Debug|Any CPU
		{14FF6DE9-3840-4310-A322-361570C6D98A}.Debug|Any CPU.Build.0 = Debug|Any CPU
		{14FF6DE9-3840-4310-A322-361570C6D98A}.Debug|iPhone.ActiveCfg = Debug|Any CPU
		{14FF6DE9-3840-4310-A322-361570C6D98A}.Debug|iPhone.Build.0 = Debug|Any CPU
		{14FF6DE9-3840-4310-A322-361570C6D98A}.Debug|iPhoneSimulator.ActiveCfg = Debug|Any CPU
		{14FF6DE9-3840-4310-A322-361570C6D98A}.Debug|iPhoneSimulator.Build.0 = Debug|Any CPU
		{14FF6DE9-3840-4310-A322-361570C6D98A}.Release|Any CPU.ActiveCfg = Release|Any CPU
		{14FF6DE9-3840-4310-A322-361570C6D98A}.Release|Any CPU.Build.0 = Release|Any CPU
		{14FF6DE9-3840-4310-A322-361570C6D98A}.Release|iPhone.ActiveCfg = Release|Any CPU
		{14FF6DE9-3840-4310-A322-361570C6D98A}.Release|iPhone.Build.0 = Release|Any CPU
		{14FF6DE9-3840-4310-A322-361570C6D98A}.Release|iPhoneSimulator.ActiveCfg = Release|Any CPU
		{14FF6DE9-3840-4310-A322-361570C6D98A}.Release|iPhoneSimulator.Build.0 = Release|Any CPU
	EndGlobalSection
	GlobalSection(SolutionProperties) = preSolution
		HideSolutionNode = FALSE
	EndGlobalSection
	GlobalSection(ExtensibilityGlobals) = postSolution
		SolutionGuid = {2EC820EF-61E7-4E76-95E7-B11344EC2F5A}
	EndGlobalSection
EndGlobal
